
Microsoft Visual Studio Solution File, Format Version 12.00
# Visual Studio Version 17
VisualStudioVersion = 17.0.31903.59
MinimumVisualStudioVersion = 10.0.40219.1
Project("{FAE04EC0-301F-11D3-BF4B-00C04F79EFBC}") = "AdoptionManager.Api", "AdoptionManager.Api\AdoptionManager.Api.csproj", "{E0702B8D-9EA2-470E-92DB-B318AE0F9F9F}"
EndProject
Project("{FAE04EC0-301F-11D3-BF4B-00C04F79EFBC}") = "AdoptionManager.Application", "AdoptionManager.Application\AdoptionManager.Application.csproj", "{93166AC5-6D00-430B-B2E7-0EB2EE503654}"
EndProject
Project("{FAE04EC0-301F-11D3-BF4B-00C04F79EFBC}") = "AdoptionManager.Domain", "AdoptionManager.Domain\AdoptionManager.Domain.csproj", "{E4695967-36CD-4152-89AE-E204D6DB9ED5}"
EndProject
Project("{FAE04EC0-301F-11D3-BF4B-00C04F79EFBC}") = "AdoptionManager.Infrastructure", "AdoptionManager.Infrastructure\AdoptionManager.Infrastructure.csproj", "{02CD979D-AB8F-4125-A9F0-E04B8AA594BB}"
EndProject
Global
	GlobalSection(SolutionConfigurationPlatforms) = preSolution
		Debug|Any CPU = Debug|Any CPU
		Debug|x64 = Debug|x64
		Debug|x86 = Debug|x86
		Release|Any CPU = Release|Any CPU
		Release|x64 = Release|x64
		Release|x86 = Release|x86
	EndGlobalSection
	GlobalSection(ProjectConfigurationPlatforms) = postSolution
		{E0702B8D-9EA2-470E-92DB-B318AE0F9F9F}.Debug|Any CPU.ActiveCfg = Debug|Any CPU
		{E0702B8D-9EA2-470E-92DB-B318AE0F9F9F}.Debug|Any CPU.Build.0 = Debug|Any CPU
		{E0702B8D-9EA2-470E-92DB-B318AE0F9F9F}.Debug|x64.ActiveCfg = Debug|Any CPU
		{E0702B8D-9EA2-470E-92DB-B318AE0F9F9F}.Debug|x64.Build.0 = Debug|Any CPU
		{E0702B8D-9EA2-470E-92DB-B318AE0F9F9F}.Debug|x86.ActiveCfg = Debug|Any CPU
		{E0702B8D-9EA2-470E-92DB-B318AE0F9F9F}.Debug|x86.Build.0 = Debug|Any CPU
		{E0702B8D-9EA2-470E-92DB-B318AE0F9F9F}.Release|Any CPU.ActiveCfg = Release|Any CPU
		{E0702B8D-9EA2-470E-92DB-B318AE0F9F9F}.Release|Any CPU.Build.0 = Release|Any CPU
		{E0702B8D-9EA2-470E-92DB-B318AE0F9F9F}.Release|x64.ActiveCfg = Release|Any CPU
		{E0702B8D-9EA2-470E-92DB-B318AE0F9F9F}.Release|x64.Build.0 = Release|Any CPU
		{E0702B8D-9EA2-470E-92DB-B318AE0F9F9F}.Release|x86.ActiveCfg = Release|Any CPU
		{E0702B8D-9EA2-470E-92DB-B318AE0F9F9F}.Release|x86.Build.0 = Release|Any CPU
		{93166AC5-6D00-430B-B2E7-0EB2EE503654}.Debug|Any CPU.ActiveCfg = Debug|Any CPU
		{93166AC5-6D00-430B-B2E7-0EB2EE503654}.Debug|Any CPU.Build.0 = Debug|Any CPU
		{93166AC5-6D00-430B-B2E7-0EB2EE503654}.Debug|x64.ActiveCfg = Debug|Any CPU
		{93166AC5-6D00-430B-B2E7-0EB2EE503654}.Debug|x64.Build.0 = Debug|Any CPU
		{93166AC5-6D00-430B-B2E7-0EB2EE503654}.Debug|x86.ActiveCfg = Debug|Any CPU
		{93166AC5-6D00-430B-B2E7-0EB2EE503654}.Debug|x86.Build.0 = Debug|Any CPU
		{93166AC5-6D00-430B-B2E7-0EB2EE503654}.Release|Any CPU.ActiveCfg = Release|Any CPU
		{93166AC5-6D00-430B-B2E7-0EB2EE503654}.Release|Any CPU.Build.0 = Release|Any CPU
		{93166AC5-6D00-430B-B2E7-0EB2EE503654}.Release|x64.ActiveCfg = Release|Any CPU
		{93166AC5-6D00-430B-B2E7-0EB2EE503654}.Release|x64.Build.0 = Release|Any CPU
		{93166AC5-6D00-430B-B2E7-0EB2EE503654}.Release|x86.ActiveCfg = Release|Any CPU
		{93166AC5-6D00-430B-B2E7-0EB2EE503654}.Release|x86.Build.0 = Release|Any CPU
		{E4695967-36CD-4152-89AE-E204D6DB9ED5}.Debug|Any CPU.ActiveCfg = Debug|Any CPU
		{E4695967-36CD-4152-89AE-E204D6DB9ED5}.Debug|Any CPU.Build.0 = Debug|Any CPU
		{E4695967-36CD-4152-89AE-E204D6DB9ED5}.Debug|x64.ActiveCfg = Debug|Any CPU
		{E4695967-36CD-4152-89AE-E204D6DB9ED5}.Debug|x64.Build.0 = Debug|Any CPU
		{E4695967-36CD-4152-89AE-E204D6DB9ED5}.Debug|x86.ActiveCfg = Debug|Any CPU
		{E4695967-36CD-4152-89AE-E204D6DB9ED5}.Debug|x86.Build.0 = Debug|Any CPU
		{E4695967-36CD-4152-89AE-E204D6DB9ED5}.Release|Any CPU.ActiveCfg = Release|Any CPU
		{E4695967-36CD-4152-89AE-E204D6DB9ED5}.Release|Any CPU.Build.0 = Release|Any CPU
		{E4695967-36CD-4152-89AE-E204D6DB9ED5}.Release|x64.ActiveCfg = Release|Any CPU
		{E4695967-36CD-4152-89AE-E204D6DB9ED5}.Release|x64.Build.0 = Release|Any CPU
		{E4695967-36CD-4152-89AE-E204D6DB9ED5}.Release|x86.ActiveCfg = Release|Any CPU
		{E4695967-36CD-4152-89AE-E204D6DB9ED5}.Release|x86.Build.0 = Release|Any CPU
		{02CD979D-AB8F-4125-A9F0-E04B8AA594BB}.Debug|Any CPU.ActiveCfg = Debug|Any CPU
		{02CD979D-AB8F-4125-A9F0-E04B8AA594BB}.Debug|Any CPU.Build.0 = Debug|Any CPU
		{02CD979D-AB8F-4125-A9F0-E04B8AA594BB}.Debug|x64.ActiveCfg = Debug|Any CPU
		{02CD979D-AB8F-4125-A9F0-E04B8AA594BB}.Debug|x64.Build.0 = Debug|Any CPU
		{02CD979D-AB8F-4125-A9F0-E04B8AA594BB}.Debug|x86.ActiveCfg = Debug|Any CPU
		{02CD979D-AB8F-4125-A9F0-E04B8AA594BB}.Debug|x86.Build.0 = Debug|Any CPU
		{02CD979D-AB8F-4125-A9F0-E04B8AA594BB}.Release|Any CPU.ActiveCfg = Release|Any CPU
		{02CD979D-AB8F-4125-A9F0-E04B8AA594BB}.Release|Any CPU.Build.0 = Release|Any CPU
		{02CD979D-AB8F-4125-A9F0-E04B8AA594BB}.Release|x64.ActiveCfg = Release|Any CPU
		{02CD979D-AB8F-4125-A9F0-E04B8AA594BB}.Release|x64.Build.0 = Release|Any CPU
		{02CD979D-AB8F-4125-A9F0-E04B8AA594BB}.Release|x86.ActiveCfg = Release|Any CPU
		{02CD979D-AB8F-4125-A9F0-E04B8AA594BB}.Release|x86.Build.0 = Release|Any CPU
	EndGlobalSection
	GlobalSection(SolutionProperties) = preSolution
		HideSolutionNode = FALSE
	EndGlobalSection
EndGlobal
